
Microsoft Visual Studio Solution File, Format Version 12.00
Project("{FAE04EC0-301F-11D3-BF4B-00C04F79EFBC}") = "InventorySupplyWebApp", "InventorySupplyWebApp\InventorySupplyWebApp.csproj", "{9826F3A5-9377-41E2-A2D8-F0E1E0E54AC5}"
EndProject
Project("{FAE04EC0-301F-11D3-BF4B-00C04F79EFBC}") = "InventorySupply.DAL", "InventorySupply.DAL\InventorySupply.DAL.csproj", "{1E423C6C-567A-4758-A498-0A11292C084B}"
EndProject
Project("{FAE04EC0-301F-11D3-BF4B-00C04F79EFBC}") = "InventorySupply.WebAPI", "InventorySupply.WebAPI\InventorySupply.WebAPI.csproj", "{AA74E499-E356-4DAB-AA89-3275757EF27C}"
EndProject
Global
	GlobalSection(SolutionConfigurationPlatforms) = preSolution
		Debug|Any CPU = Debug|Any CPU
		Release|Any CPU = Release|Any CPU
	EndGlobalSection
	GlobalSection(ProjectConfigurationPlatforms) = postSolution
		{9826F3A5-9377-41E2-A2D8-F0E1E0E54AC5}.Debug|Any CPU.ActiveCfg = Debug|Any CPU
		{9826F3A5-9377-41E2-A2D8-F0E1E0E54AC5}.Debug|Any CPU.Build.0 = Debug|Any CPU
		{9826F3A5-9377-41E2-A2D8-F0E1E0E54AC5}.Release|Any CPU.ActiveCfg = Release|Any CPU
		{9826F3A5-9377-41E2-A2D8-F0E1E0E54AC5}.Release|Any CPU.Build.0 = Release|Any CPU
		{1E423C6C-567A-4758-A498-0A11292C084B}.Debug|Any CPU.ActiveCfg = Debug|Any CPU
		{1E423C6C-567A-4758-A498-0A11292C084B}.Debug|Any CPU.Build.0 = Debug|Any CPU
		{1E423C6C-567A-4758-A498-0A11292C084B}.Release|Any CPU.ActiveCfg = Release|Any CPU
		{1E423C6C-567A-4758-A498-0A11292C084B}.Release|Any CPU.Build.0 = Release|Any CPU
		{AA74E499-E356-4DAB-AA89-3275757EF27C}.Debug|Any CPU.ActiveCfg = Debug|Any CPU
		{AA74E499-E356-4DAB-AA89-3275757EF27C}.Debug|Any CPU.Build.0 = Debug|Any CPU
		{AA74E499-E356-4DAB-AA89-3275757EF27C}.Release|Any CPU.ActiveCfg = Release|Any CPU
		{AA74E499-E356-4DAB-AA89-3275757EF27C}.Release|Any CPU.Build.0 = Release|Any CPU
	EndGlobalSection
EndGlobal
